
Microsoft Visual Studio Solution File, Format Version 12.00
# Visual Studio Version 16
VisualStudioVersion = 16.0.29009.5
MinimumVisualStudioVersion = 10.0.40219.1
Project("{FAE04EC0-301F-11D3-BF4B-00C04F79EFBC}") = "DataAccessLayer", "DataAccessLayer\DataAccessLayer.csproj", "{949C04F6-0F14-485D-B754-C2F9B8950F97}"
EndProject
Project("{FAE04EC0-301F-11D3-BF4B-00C04F79EFBC}") = "WebAPIService", "WebAPIService\WebAPIService.csproj", "{8B5CC52C-F060-4B8C-84CC-408DB9CF5D05}"
EndProject
Global
	GlobalSection(SolutionConfigurationPlatforms) = preSolution
		Debug|Any CPU = Debug|Any CPU
		Release|Any CPU = Release|Any CPU
	EndGlobalSection
	GlobalSection(ProjectConfigurationPlatforms) = postSolution
		{949C04F6-0F14-485D-B754-C2F9B8950F97}.Debug|Any CPU.ActiveCfg = Debug|Any CPU
		{949C04F6-0F14-485D-B754-C2F9B8950F97}.Debug|Any CPU.Build.0 = Debug|Any CPU
		{949C04F6-0F14-485D-B754-C2F9B8950F97}.Release|Any CPU.ActiveCfg = Release|Any CPU
		{949C04F6-0F14-485D-B754-C2F9B8950F97}.Release|Any CPU.Build.0 = Release|Any CPU
		{8B5CC52C-F060-4B8C-84CC-408DB9CF5D05}.Debug|Any CPU.ActiveCfg = Debug|Any CPU
		{8B5CC52C-F060-4B8C-84CC-408DB9CF5D05}.Debug|Any CPU.Build.0 = Debug|Any CPU
		{8B5CC52C-F060-4B8C-84CC-408DB9CF5D05}.Release|Any CPU.ActiveCfg = Release|Any CPU
		{8B5CC52C-F060-4B8C-84CC-408DB9CF5D05}.Release|Any CPU.Build.0 = Release|Any CPU
	EndGlobalSection
	GlobalSection(SolutionProperties) = preSolution
		HideSolutionNode = FALSE
	EndGlobalSection
	GlobalSection(ExtensibilityGlobals) = postSolution
		SolutionGuid = {DCCE38B2-56B4-423B-9D6C-154F6DC815D6}
	EndGlobalSection
EndGlobal
